
Microsoft Visual Studio Solution File, Format Version 12.00
# Visual Studio 15
VisualStudioVersion = 15.0.28010.2046
MinimumVisualStudioVersion = 10.0.40219.1
Project("{9A19103F-16F7-4668-BE54-9A1E7A4F7556}") = "Configuration", "Configuration.csproj", "{203767C8-3C3C-4208-B6F8-6AD106DA9DC1}"
EndProject
Global
	GlobalSection(SolutionConfigurationPlatforms) = preSolution
		Debug|Any CPU = Debug|Any CPU
		Release|Any CPU = Release|Any CPU
	EndGlobalSection
	GlobalSection(ProjectConfigurationPlatforms) = postSolution
		{203767C8-3C3C-4208-B6F8-6AD106DA9DC1}.Debug|Any CPU.ActiveCfg = Debug|Any CPU
		{203767C8-3C3C-4208-B6F8-6AD106DA9DC1}.Debug|Any CPU.Build.0 = Debug|Any CPU
		{203767C8-3C3C-4208-B6F8-6AD106DA9DC1}.Release|Any CPU.ActiveCfg = Release|Any CPU
		{203767C8-3C3C-4208-B6F8-6AD106DA9DC1}.Release|Any CPU.Build.0 = Release|Any CPU
	EndGlobalSection
	GlobalSection(SolutionProperties) = preSolution
		HideSolutionNode = FALSE
	EndGlobalSection
	GlobalSection(ExtensibilityGlobals) = postSolution
		SolutionGuid = {2FFC56BE-CBD8-4E3C-96D9-4FF2B139D53D}
	EndGlobalSection
EndGlobal
